
Microsoft Visual Studio Solution File, Format Version 12.00
# Visual Studio Version 16
VisualStudioVersion = 16.0.31727.386
MinimumVisualStudioVersion = 10.0.40219.1
Project("{FAE04EC0-301F-11D3-BF4B-00C04F79EFBC}") = "EJERCICO74", "EJERCICO74.csproj", "{7A587467-4989-4B41-BF1C-3162C62CA245}"
EndProject
Global
	GlobalSection(SolutionConfigurationPlatforms) = preSolution
		Debug|Any CPU = Debug|Any CPU
		Release|Any CPU = Release|Any CPU
	EndGlobalSection
	GlobalSection(ProjectConfigurationPlatforms) = postSolution
		{7A587467-4989-4B41-BF1C-3162C62CA245}.Debug|Any CPU.ActiveCfg = Debug|Any CPU
		{7A587467-4989-4B41-BF1C-3162C62CA245}.Debug|Any CPU.Build.0 = Debug|Any CPU
		{7A587467-4989-4B41-BF1C-3162C62CA245}.Release|Any CPU.ActiveCfg = Release|Any CPU
		{7A587467-4989-4B41-BF1C-3162C62CA245}.Release|Any CPU.Build.0 = Release|Any CPU
	EndGlobalSection
	GlobalSection(SolutionProperties) = preSolution
		HideSolutionNode = FALSE
	EndGlobalSection
	GlobalSection(ExtensibilityGlobals) = postSolution
		SolutionGuid = {05139FC9-62A3-42A4-AA92-42115E2A2ED1}
	EndGlobalSection
EndGlobal
